
Microsoft Visual Studio Solution File, Format Version 12.00
# Visual Studio Version 17
VisualStudioVersion = 17.3.32825.248
MinimumVisualStudioVersion = 10.0.40219.1
Project("{FAE04EC0-301F-11D3-BF4B-00C04F79EFBC}") = "Convenience-Store-Linq", "Convenience-Store-Linq\Convenience-Store-Linq.csproj", "{D4D155B5-FADE-49D6-959D-EFED54CF639D}"
EndProject
Global
	GlobalSection(SolutionConfigurationPlatforms) = preSolution
		Debug|Any CPU = Debug|Any CPU
		Release|Any CPU = Release|Any CPU
	EndGlobalSection
	GlobalSection(ProjectConfigurationPlatforms) = postSolution
		{D4D155B5-FADE-49D6-959D-EFED54CF639D}.Debug|Any CPU.ActiveCfg = Debug|Any CPU
		{D4D155B5-FADE-49D6-959D-EFED54CF639D}.Debug|Any CPU.Build.0 = Debug|Any CPU
		{D4D155B5-FADE-49D6-959D-EFED54CF639D}.Release|Any CPU.ActiveCfg = Release|Any CPU
		{D4D155B5-FADE-49D6-959D-EFED54CF639D}.Release|Any CPU.Build.0 = Release|Any CPU
	EndGlobalSection
	GlobalSection(SolutionProperties) = preSolution
		HideSolutionNode = FALSE
	EndGlobalSection
	GlobalSection(ExtensibilityGlobals) = postSolution
		SolutionGuid = {FFFBC146-9C46-476B-82AF-BFA75E01F54C}
	EndGlobalSection
EndGlobal
